
Microsoft Visual Studio Solution File, Format Version 12.00
# Visual Studio Version 17
VisualStudioVersion = 17.4.33205.214
MinimumVisualStudioVersion = 10.0.40219.1
Project("{9A19103F-16F7-4668-BE54-9A1E7A4F7556}") = "PEngine", "PEngine\PEngine.csproj", "{A1877EDD-62E7-4BB7-AD39-A46CB6CB2BEA}"
EndProject
Project("{9A19103F-16F7-4668-BE54-9A1E7A4F7556}") = "PEngine.NUnit", "PEngine.NUnit\PEngine.NUnit.csproj", "{180A3857-B87C-4A9C-820B-3CC1D98D66FD}"
EndProject
Project("{9A19103F-16F7-4668-BE54-9A1E7A4F7556}") = "PEngine.Common", "PEngine.Common\PEngine.Common.csproj", "{70A939B1-83D3-4C5F-86AC-3EA42638AAA5}"
EndProject
Global
	GlobalSection(SolutionConfigurationPlatforms) = preSolution
		Debug|Any CPU = Debug|Any CPU
		Release|Any CPU = Release|Any CPU
	EndGlobalSection
	GlobalSection(ProjectConfigurationPlatforms) = postSolution
		{A1877EDD-62E7-4BB7-AD39-A46CB6CB2BEA}.Debug|Any CPU.ActiveCfg = Debug|Any CPU
		{A1877EDD-62E7-4BB7-AD39-A46CB6CB2BEA}.Debug|Any CPU.Build.0 = Debug|Any CPU
		{A1877EDD-62E7-4BB7-AD39-A46CB6CB2BEA}.Release|Any CPU.ActiveCfg = Release|Any CPU
		{A1877EDD-62E7-4BB7-AD39-A46CB6CB2BEA}.Release|Any CPU.Build.0 = Release|Any CPU
		{180A3857-B87C-4A9C-820B-3CC1D98D66FD}.Debug|Any CPU.ActiveCfg = Debug|Any CPU
		{180A3857-B87C-4A9C-820B-3CC1D98D66FD}.Debug|Any CPU.Build.0 = Debug|Any CPU
		{180A3857-B87C-4A9C-820B-3CC1D98D66FD}.Release|Any CPU.ActiveCfg = Release|Any CPU
		{180A3857-B87C-4A9C-820B-3CC1D98D66FD}.Release|Any CPU.Build.0 = Release|Any CPU
		{70A939B1-83D3-4C5F-86AC-3EA42638AAA5}.Debug|Any CPU.ActiveCfg = Debug|Any CPU
		{70A939B1-83D3-4C5F-86AC-3EA42638AAA5}.Debug|Any CPU.Build.0 = Debug|Any CPU
		{70A939B1-83D3-4C5F-86AC-3EA42638AAA5}.Release|Any CPU.ActiveCfg = Release|Any CPU
		{70A939B1-83D3-4C5F-86AC-3EA42638AAA5}.Release|Any CPU.Build.0 = Release|Any CPU
	EndGlobalSection
	GlobalSection(SolutionProperties) = preSolution
		HideSolutionNode = FALSE
	EndGlobalSection
	GlobalSection(ExtensibilityGlobals) = postSolution
		SolutionGuid = {F338D331-2A07-4556-9352-8B2EE5AD07CC}
	EndGlobalSection
EndGlobal
